
Microsoft Visual Studio Solution File, Format Version 12.00
# Visual Studio Version 16
VisualStudioVersion = 16.0.29306.81
MinimumVisualStudioVersion = 10.0.40219.1
Project("{FAE04EC0-301F-11D3-BF4B-00C04F79EFBC}") = "ZeroLauncher", "ZeroLauncher\ZeroLauncher.csproj", "{1F2139EC-124C-4410-A3FF-F28177A85075}"
EndProject
Global
	GlobalSection(SolutionConfigurationPlatforms) = preSolution
		Debug|Any CPU = Debug|Any CPU
		Release|Any CPU = Release|Any CPU
	EndGlobalSection
	GlobalSection(ProjectConfigurationPlatforms) = postSolution
		{1F2139EC-124C-4410-A3FF-F28177A85075}.Debug|Any CPU.ActiveCfg = Debug|Any CPU
		{1F2139EC-124C-4410-A3FF-F28177A85075}.Debug|Any CPU.Build.0 = Debug|Any CPU
		{1F2139EC-124C-4410-A3FF-F28177A85075}.Release|Any CPU.ActiveCfg = Release|Any CPU
		{1F2139EC-124C-4410-A3FF-F28177A85075}.Release|Any CPU.Build.0 = Release|Any CPU
	EndGlobalSection
	GlobalSection(SolutionProperties) = preSolution
		HideSolutionNode = FALSE
	EndGlobalSection
	GlobalSection(ExtensibilityGlobals) = postSolution
		SolutionGuid = {47634CF6-B318-42A6-A0B4-FDDBE1B95147}
	EndGlobalSection
EndGlobal
